<?xml version="1.0" encoding="utf-8"?>
<Project ToolsVersion="4.0" xmlns="http://schemas.microsoft.com/developer/msbuild/2003">
  <ItemGroup>
    <Filter Include="源文件">
      <UniqueIdentifier>{4FC737F1-C7A5-4376-A066-2A32D752A2FF}</UniqueIdentifier>
      <Extensions>cpp;c;cc;cxx;def;odl;idl;hpj;bat;asm;asmx</Extensions>
    </Filter>
    <Filter Include="头文件">
      <UniqueIdentifier>{93995380-89BD-4b04-88EB-625FBE52EBFB}</UniqueIdentifier>
      <Extensions>h;hpp;hxx;hm;inl;inc;xsd</Extensions>
    </Filter>
    <Filter Include="资源文件">
      <UniqueIdentifier>{67DA6AB6-F800-4c08-8B7A-83BB121AAD01}</UniqueIdentifier>
      <Extensions>rc;ico;cur;bmp;dlg;rc2;rct;bin;rgs;gif;jpg;jpeg;jpe;resx;tiff;tif;png;wav;mfcribbon-ms</Extensions>
    </Filter>
  </ItemGroup>
  <ItemGroup>
    <None Include="ReadMe.txt" />
    <None Include="res\file_view.ico">
      <Filter>资源文件</Filter>
    </None>
    <None Include="res\file_view_hc.ico">
      <Filter>资源文件</Filter>
    </None>
    <None Include="res\class_view.ico">
      <Filter>资源文件</Filter>
    </None>
    <None Include="res\class_view_hc.ico">
      <Filter>资源文件</Filter>
    </None>
    <None Include="res\fileview.bmp">
      <Filter>资源文件</Filter>
    </None>
    <None Include="res\fileview_hc.bmp">
      <Filter>资源文件</Filter>
    </None>
    <None Include="res\classview.bmp">
      <Filter>资源文件</Filter>
    </None>
    <None Include="res\classview_hc.bmp">
      <Filter>资源文件</Filter>
    </None>
    <None Include="res\explorer.bmp">
      <Filter>资源文件</Filter>
    </None>
    <None Include="res\explorer_hc.bmp">
      <Filter>资源文件</Filter>
    </None>
    <None Include="res\sort.bmp">
      <Filter>资源文件</Filter>
    </None>
    <None Include="res\sort_hc.bmp">
      <Filter>资源文件</Filter>
    </None>
    <None Include="res\menuimages.bmp">
      <Filter>资源文件</Filter>
    </None>
    <None Include="res\menuimages_hc.bmp">
      <Filter>资源文件</Filter>
    </None>
    <None Include="res\output_wnd.ico">
      <Filter>资源文件</Filter>
    </None>
    <None Include="res\output_wnd_hc.ico">
      <Filter>资源文件</Filter>
    </None>
    <None Include="res\properties_wnd.ico">
      <Filter>资源文件</Filter>
    </None>
    <None Include="res\properties_wnd_hc.ico">
      <Filter>资源文件</Filter>
    </None>
    <None Include="res\properties.bmp">
      <Filter>资源文件</Filter>
    </None>
    <None Include="res\properties_hc.bmp">
      <Filter>资源文件</Filter>
    </None>
    <None Include="UserImages.bmp">
      <Filter>资源文件</Filter>
    </None>
    <None Include="res\cow2.rc2">
      <Filter>资源文件</Filter>
    </None>
    <None Include="res\cow2Doc.ico">
      <Filter>资源文件</Filter>
    </None>
    <None Include="res\cow2.ico">
      <Filter>资源文件</Filter>
    </None>
    <None Include="res\Toolbar.bmp">
      <Filter>资源文件</Filter>
    </None>
    <None Include="res\Toolbar256.bmp">
      <Filter>资源文件</Filter>
    </None>
    <None Include="..\..\cow\cow\UserImages.bmp">
      <Filter>资源文件</Filter>
    </None>
    <None Include="resource.hm">
      <Filter>头文件</Filter>
    </None>
    <None Include="C:\Users\Administrator.WJ-20140605XBQL\Desktop\灰色.ico">
      <Filter>资源文件</Filter>
    </None>
    <None Include="C:\Users\Administrator.WJ-20140605XBQL\Desktop\绿色.ico">
      <Filter>资源文件</Filter>
    </None>
    <None Include="..\13206_200803081131465-img2ico.net.ico">
      <Filter>资源文件</Filter>
    </None>
    <None Include="..\灰色.ico">
      <Filter>资源文件</Filter>
    </None>
    <None Include="..\绿色.ico">
      <Filter>资源文件</Filter>
    </None>
    <None Include="..\UserImages.bmp">
      <Filter>资源文件</Filter>
    </None>
    <None Include="res\13206_200803081131465-img2ico.net.ico">
      <Filter>资源文件</Filter>
    </None>
    <None Include="res\灰色.ico">
      <Filter>资源文件</Filter>
    </None>
    <None Include="res\绿色.ico">
      <Filter>资源文件</Filter>
    </None>
    <None Include="res\UserImages.bmp">
      <Filter>资源文件</Filter>
    </None>
  </ItemGroup>
  <ItemGroup>
    <ClInclude Include="cow2.h">
      <Filter>头文件</Filter>
    </ClInclude>
    <ClInclude Include="stdafx.h">
      <Filter>头文件</Filter>
    </ClInclude>
    <ClInclude Include="targetver.h">
      <Filter>头文件</Filter>
    </ClInclude>
    <ClInclude Include="MainFrm.h">
      <Filter>头文件</Filter>
    </ClInclude>
    <ClInclude Include="cow2Doc.h">
      <Filter>头文件</Filter>
    </ClInclude>
    <ClInclude Include="cow2View.h">
      <Filter>头文件</Filter>
    </ClInclude>
    <ClInclude Include="Resource.h">
      <Filter>头文件</Filter>
    </ClInclude>
    <ClInclude Include="FileView.h">
      <Filter>头文件</Filter>
    </ClInclude>
    <ClInclude Include="ClassView.h">
      <Filter>头文件</Filter>
    </ClInclude>
    <ClInclude Include="ViewTree.h">
      <Filter>头文件</Filter>
    </ClInclude>
    <ClInclude Include="OutputWnd.h">
      <Filter>头文件</Filter>
    </ClInclude>
    <ClInclude Include="PropertiesWnd.h">
      <Filter>头文件</Filter>
    </ClInclude>
    <ClInclude Include="BeginDlg.h">
      <Filter>头文件</Filter>
    </ClInclude>
    <ClInclude Include="DLGpwd.h">
      <Filter>头文件</Filter>
    </ClInclude>
    <ClInclude Include="NewUser.h">
      <Filter>头文件</Filter>
    </ClInclude>
    <ClInclude Include="DlgDelUser.h">
      <Filter>头文件</Filter>
    </ClInclude>
    <ClInclude Include="DlgAllUser.h">
      <Filter>头文件</Filter>
    </ClInclude>
    <ClInclude Include="DlgSetGate.h">
      <Filter>头文件</Filter>
    </ClInclude>
    <ClInclude Include="DlgSetPort.h">
      <Filter>头文件</Filter>
    </ClInclude>
    <ClInclude Include="DlgSetServer.h">
      <Filter>头文件</Filter>
    </ClInclude>
    <ClInclude Include="DlgDataView.h">
      <Filter>头文件</Filter>
    </ClInclude>
    <ClInclude Include="DlgData.h">
      <Filter>头文件</Filter>
    </ClInclude>
    <ClInclude Include="DlgOutData.h">
      <Filter>头文件</Filter>
    </ClInclude>
    <ClInclude Include="DlgInData.h">
      <Filter>头文件</Filter>
    </ClInclude>
    <ClInclude Include="DlgAddNewPort.h">
      <Filter>头文件</Filter>
    </ClInclude>
    <ClInclude Include="DlgOutData2.h">
      <Filter>头文件</Filter>
    </ClInclude>
    <ClInclude Include="AdoSql.h">
      <Filter>头文件</Filter>
    </ClInclude>
    <ClInclude Include="Global.h">
      <Filter>头文件</Filter>
    </ClInclude>
    <ClInclude Include="tchart1.h">
      <Filter>头文件</Filter>
    </ClInclude>
    <ClInclude Include="CAxes.h">
      <Filter>头文件</Filter>
    </ClInclude>
    <ClInclude Include="CAxis.h">
      <Filter>头文件</Filter>
    </ClInclude>
    <ClInclude Include="CLegend.h">
      <Filter>头文件</Filter>
    </ClInclude>
    <ClInclude Include="CSeries.h">
      <Filter>头文件</Filter>
    </ClInclude>
    <ClInclude Include="mscomm1.h">
      <Filter>源文件</Filter>
    </ClInclude>
    <ClInclude Include="CAxisTitle.h">
      <Filter>头文件</Filter>
    </ClInclude>
    <ClInclude Include="CTitles.h">
      <Filter>头文件</Filter>
    </ClInclude>
    <ClInclude Include="CPanel.h">
      <Filter>头文件</Filter>
    </ClInclude>
    <ClInclude Include="CTChart.h">
      <Filter>头文件</Filter>
    </ClInclude>
    <ClInclude Include="CTeeFont.h">
      <Filter>头文件</Filter>
    </ClInclude>
    <ClInclude Include="DlgWeb.h">
      <Filter>头文件</Filter>
    </ClInclude>
    <ClInclude Include="explorer1.h">
      <Filter>头文件</Filter>
    </ClInclude>
    <ClInclude Include="SplitStr.h">
      <Filter>头文件</Filter>
    </ClInclude>
  </ItemGroup>
  <ItemGroup>
    <ClCompile Include="cow2.cpp">
      <Filter>源文件</Filter>
    </ClCompile>
    <ClCompile Include="stdafx.cpp">
      <Filter>源文件</Filter>
    </ClCompile>
    <ClCompile Include="MainFrm.cpp">
      <Filter>源文件</Filter>
    </ClCompile>
    <ClCompile Include="cow2Doc.cpp">
      <Filter>源文件</Filter>
    </ClCompile>
    <ClCompile Include="cow2View.cpp">
      <Filter>源文件</Filter>
    </ClCompile>
    <ClCompile Include="FileView.cpp">
      <Filter>源文件</Filter>
    </ClCompile>
    <ClCompile Include="ClassView.cpp">
      <Filter>源文件</Filter>
    </ClCompile>
    <ClCompile Include="ViewTree.cpp">
      <Filter>源文件</Filter>
    </ClCompile>
    <ClCompile Include="OutputWnd.cpp">
      <Filter>源文件</Filter>
    </ClCompile>
    <ClCompile Include="PropertiesWnd.cpp">
      <Filter>源文件</Filter>
    </ClCompile>
    <ClCompile Include="BeginDlg.cpp">
      <Filter>源文件</Filter>
    </ClCompile>
    <ClCompile Include="DLGpwd.cpp">
      <Filter>源文件</Filter>
    </ClCompile>
    <ClCompile Include="NewUser.cpp">
      <Filter>源文件</Filter>
    </ClCompile>
    <ClCompile Include="DlgDelUser.cpp">
      <Filter>源文件</Filter>
    </ClCompile>
    <ClCompile Include="DlgAllUser.cpp">
      <Filter>源文件</Filter>
    </ClCompile>
    <ClCompile Include="DlgSetGate.cpp">
      <Filter>源文件</Filter>
    </ClCompile>
    <ClCompile Include="DlgSetPort.cpp">
      <Filter>源文件</Filter>
    </ClCompile>
    <ClCompile Include="DlgSetServer.cpp">
      <Filter>源文件</Filter>
    </ClCompile>
    <ClCompile Include="DlgDataView.cpp">
      <Filter>源文件</Filter>
    </ClCompile>
    <ClCompile Include="DlgData.cpp">
      <Filter>源文件</Filter>
    </ClCompile>
    <ClCompile Include="DlgOutData.cpp">
      <Filter>源文件</Filter>
    </ClCompile>
    <ClCompile Include="DlgInData.cpp">
      <Filter>源文件</Filter>
    </ClCompile>
    <ClCompile Include="DlgAddNewPort.cpp">
      <Filter>源文件</Filter>
    </ClCompile>
    <ClCompile Include="DlgOutData2.cpp">
      <Filter>源文件</Filter>
    </ClCompile>
    <ClCompile Include="AdoSql.cpp">
      <Filter>源文件</Filter>
    </ClCompile>
    <ClCompile Include="Global.cpp">
      <Filter>头文件</Filter>
    </ClCompile>
    <ClCompile Include="tchart1.cpp">
      <Filter>源文件</Filter>
    </ClCompile>
    <ClCompile Include="mscomm1.cpp">
      <Filter>源文件</Filter>
    </ClCompile>
    <ClCompile Include="DlgWeb.cpp">
      <Filter>源文件</Filter>
    </ClCompile>
    <ClCompile Include="explorer1.cpp">
      <Filter>源文件</Filter>
    </ClCompile>
    <ClCompile Include="SplitStr.cpp">
      <Filter>头文件</Filter>
    </ClCompile>
  </ItemGroup>
  <ItemGroup>
    <ResourceCompile Include="cow2.rc">
      <Filter>资源文件</Filter>
    </ResourceCompile>
  </ItemGroup>
</Project>